
Microsoft Visual Studio Solution File, Format Version 12.00
# Visual Studio Version 17
VisualStudioVersion = 17.2.32516.85
MinimumVisualStudioVersion = 10.0.40219.1
Project("{FAE04EC0-301F-11D3-BF4B-00C04F79EFBC}") = "Calculator", "Calculator\Calculator.csproj", "{4A69C339-8DB4-4933-BC53-909E9C489754}"
EndProject
Global
	GlobalSection(SolutionConfigurationPlatforms) = preSolution
		Debug|Any CPU = Debug|Any CPU
		Release|Any CPU = Release|Any CPU
	EndGlobalSection
	GlobalSection(ProjectConfigurationPlatforms) = postSolution
		{4A69C339-8DB4-4933-BC53-909E9C489754}.Debug|Any CPU.ActiveCfg = Debug|Any CPU
		{4A69C339-8DB4-4933-BC53-909E9C489754}.Debug|Any CPU.Build.0 = Debug|Any CPU
		{4A69C339-8DB4-4933-BC53-909E9C489754}.Release|Any CPU.ActiveCfg = Release|Any CPU
		{4A69C339-8DB4-4933-BC53-909E9C489754}.Release|Any CPU.Build.0 = Release|Any CPU
	EndGlobalSection
	GlobalSection(SolutionProperties) = preSolution
		HideSolutionNode = FALSE
	EndGlobalSection
	GlobalSection(ExtensibilityGlobals) = postSolution
		SolutionGuid = {E848F587-7260-46A8-9912-6FF78BA9587E}
	EndGlobalSection
EndGlobal
